
Microsoft Visual Studio Solution File, Format Version 12.00
# Visual Studio Version 16
VisualStudioVersion = 16.0.29920.165
MinimumVisualStudioVersion = 10.0.40219.1
Project("{9A19103F-16F7-4668-BE54-9A1E7A4F7556}") = "coffee.web", "coffee.web\coffee.web.csproj", "{930A9E1C-0261-4308-B1CB-90E721FA4A6E}"
EndProject
Project("{FAE04EC0-301F-11D3-BF4B-00C04F79EFBC}") = "coffee.dal", "coffee.dal\coffee.dal.csproj", "{2639B871-4770-4714-A726-8D0220182262}"
EndProject
Project("{FAE04EC0-301F-11D3-BF4B-00C04F79EFBC}") = "coffee.bll", "coffee.bll\coffee.bll.csproj", "{6106CD47-9729-4B63-AC5B-5C0C5CE18968}"
EndProject
Project("{FAE04EC0-301F-11D3-BF4B-00C04F79EFBC}") = "coffee.common", "coffee.common\coffee.common.csproj", "{440C84FB-6988-4790-A8C0-B961544B844C}"
EndProject
Global
	GlobalSection(SolutionConfigurationPlatforms) = preSolution
		Debug|Any CPU = Debug|Any CPU
		Release|Any CPU = Release|Any CPU
	EndGlobalSection
	GlobalSection(ProjectConfigurationPlatforms) = postSolution
		{930A9E1C-0261-4308-B1CB-90E721FA4A6E}.Debug|Any CPU.ActiveCfg = Debug|Any CPU
		{930A9E1C-0261-4308-B1CB-90E721FA4A6E}.Debug|Any CPU.Build.0 = Debug|Any CPU
		{930A9E1C-0261-4308-B1CB-90E721FA4A6E}.Release|Any CPU.ActiveCfg = Release|Any CPU
		{930A9E1C-0261-4308-B1CB-90E721FA4A6E}.Release|Any CPU.Build.0 = Release|Any CPU
		{2639B871-4770-4714-A726-8D0220182262}.Debug|Any CPU.ActiveCfg = Debug|Any CPU
		{2639B871-4770-4714-A726-8D0220182262}.Debug|Any CPU.Build.0 = Debug|Any CPU
		{2639B871-4770-4714-A726-8D0220182262}.Release|Any CPU.ActiveCfg = Release|Any CPU
		{2639B871-4770-4714-A726-8D0220182262}.Release|Any CPU.Build.0 = Release|Any CPU
		{6106CD47-9729-4B63-AC5B-5C0C5CE18968}.Debug|Any CPU.ActiveCfg = Debug|Any CPU
		{6106CD47-9729-4B63-AC5B-5C0C5CE18968}.Debug|Any CPU.Build.0 = Debug|Any CPU
		{6106CD47-9729-4B63-AC5B-5C0C5CE18968}.Release|Any CPU.ActiveCfg = Release|Any CPU
		{6106CD47-9729-4B63-AC5B-5C0C5CE18968}.Release|Any CPU.Build.0 = Release|Any CPU
		{440C84FB-6988-4790-A8C0-B961544B844C}.Debug|Any CPU.ActiveCfg = Debug|Any CPU
		{440C84FB-6988-4790-A8C0-B961544B844C}.Debug|Any CPU.Build.0 = Debug|Any CPU
		{440C84FB-6988-4790-A8C0-B961544B844C}.Release|Any CPU.ActiveCfg = Release|Any CPU
		{440C84FB-6988-4790-A8C0-B961544B844C}.Release|Any CPU.Build.0 = Release|Any CPU
	EndGlobalSection
	GlobalSection(SolutionProperties) = preSolution
		HideSolutionNode = FALSE
	EndGlobalSection
	GlobalSection(ExtensibilityGlobals) = postSolution
		SolutionGuid = {7E89EF9F-FD55-47C5-AB74-D23223769F84}
	EndGlobalSection
EndGlobal
